hash: 51ffacfe9dfd1e6b61aa0d2eea158a01c826e3ab6fdd5918c642712d71c7e471
updated: 2017-01-10T21:09:26.096626928+08:00
imports:
- name: github.com/codegangsta/inject
  version: 37d7f8432a3e684eef9b2edece76bdfa6ac85b39
- name: github.com/go-martini/martini
  version: 49411a5b646861ad29a6ddd5351717a0a9c49b94
testImports: []
